
Microsoft Visual Studio Solution File, Format Version 12.00
# Visual Studio 14
VisualStudioVersion = 14.0.25123.0
MinimumVisualStudioVersion = 10.0.40219.1
Project("{FAE04EC0-301F-11D3-BF4B-00C04F79EFBC}") = "RashidHospital", "RashidHospital\RashidHospital.csproj", "{11C7F0A6-3923-47B7-B205-067B37D4DE2C}"
EndProject
Project("{FAE04EC0-301F-11D3-BF4B-00C04F79EFBC}") = "Hospital.DAL", "Hospital.DAL\Hospital.DAL.csproj", "{67611970-CA3B-454E-A2D4-56F6C1FE4639}"
EndProject
Global
	GlobalSection(SolutionConfigurationPlatforms) = preSolution
		Debug|Any CPU = Debug|Any CPU
		Release|Any CPU = Release|Any CPU
	EndGlobalSection
	GlobalSection(ProjectConfigurationPlatforms) = postSolution
		{11C7F0A6-3923-47B7-B205-067B37D4DE2C}.Debug|Any CPU.ActiveCfg = Debug|Any CPU
		{11C7F0A6-3923-47B7-B205-067B37D4DE2C}.Debug|Any CPU.Build.0 = Debug|Any CPU
		{11C7F0A6-3923-47B7-B205-067B37D4DE2C}.Release|Any CPU.ActiveCfg = Release|Any CPU
		{11C7F0A6-3923-47B7-B205-067B37D4DE2C}.Release|Any CPU.Build.0 = Release|Any CPU
		{67611970-CA3B-454E-A2D4-56F6C1FE4639}.Debug|Any CPU.ActiveCfg = Debug|Any CPU
		{67611970-CA3B-454E-A2D4-56F6C1FE4639}.Debug|Any CPU.Build.0 = Debug|Any CPU
		{67611970-CA3B-454E-A2D4-56F6C1FE4639}.Release|Any CPU.ActiveCfg = Release|Any CPU
		{67611970-CA3B-454E-A2D4-56F6C1FE4639}.Release|Any CPU.Build.0 = Release|Any CPU
	EndGlobalSection
	GlobalSection(SolutionProperties) = preSolution
		HideSolutionNode = FALSE
	EndGlobalSection
EndGlobal
